
Microsoft Visual Studio Solution File, Format Version 12.00
# Visual Studio 15
VisualStudioVersion = 15.0.28307.572
MinimumVisualStudioVersion = 10.0.40219.1
Project("{2150E333-8FDC-42A3-9474-1A3956D46DE8}") = "Domain", "Domain", "{083DA302-B3D2-474C-85EB-408F560ED3A1}"
EndProject
Project("{2150E333-8FDC-42A3-9474-1A3956D46DE8}") = "Infra.Bus", "Infra.Bus", "{9B3AA52F-E282-404D-A117-A6152B3B9FD6}"
EndProject
Project("{2150E333-8FDC-42A3-9474-1A3956D46DE8}") = "Infra.IoC", "Infra.IoC", "{C577DD31-EA54-46AA-82F6-AC4A5594E43D}"
EndProject
Project("{2150E333-8FDC-42A3-9474-1A3956D46DE8}") = "Microservices", "Microservices", "{0F78297C-3161-4AD8-AE44-9353FB8E1F4C}"
EndProject
Project("{2150E333-8FDC-42A3-9474-1A3956D46DE8}") = "Presentation", "Presentation", "{8F53114F-1A41-493F-8BE3-AFEC7E7E6132}"
EndProject
Project("{9A19103F-16F7-4668-BE54-9A1E7A4F7556}") = "MicroRabbit.Domain.Core", "MicroRabbit.Domain.Core\MicroRabbit.Domain.Core.csproj", "{C7D8CD7F-1D1F-4EFC-958F-3DEC13C68CDE}"
EndProject
Project("{FAE04EC0-301F-11D3-BF4B-00C04F79EFBC}") = "MicroRabbit.Infra.Bus", "MicroRabbit.Infra.Bus\MicroRabbit.Infra.Bus.csproj", "{DBC0C398-8B37-48C2-B32E-23A7C53A2EE7}"
EndProject
Global
	GlobalSection(SolutionConfigurationPlatforms) = preSolution
		Debug|Any CPU = Debug|Any CPU
		Release|Any CPU = Release|Any CPU
	EndGlobalSection
	GlobalSection(ProjectConfigurationPlatforms) = postSolution
		{C7D8CD7F-1D1F-4EFC-958F-3DEC13C68CDE}.Debug|Any CPU.ActiveCfg = Debug|Any CPU
		{C7D8CD7F-1D1F-4EFC-958F-3DEC13C68CDE}.Debug|Any CPU.Build.0 = Debug|Any CPU
		{C7D8CD7F-1D1F-4EFC-958F-3DEC13C68CDE}.Release|Any CPU.ActiveCfg = Release|Any CPU
		{C7D8CD7F-1D1F-4EFC-958F-3DEC13C68CDE}.Release|Any CPU.Build.0 = Release|Any CPU
		{DBC0C398-8B37-48C2-B32E-23A7C53A2EE7}.Debug|Any CPU.ActiveCfg = Debug|Any CPU
		{DBC0C398-8B37-48C2-B32E-23A7C53A2EE7}.Debug|Any CPU.Build.0 = Debug|Any CPU
		{DBC0C398-8B37-48C2-B32E-23A7C53A2EE7}.Release|Any CPU.ActiveCfg = Release|Any CPU
		{DBC0C398-8B37-48C2-B32E-23A7C53A2EE7}.Release|Any CPU.Build.0 = Release|Any CPU
	EndGlobalSection
	GlobalSection(SolutionProperties) = preSolution
		HideSolutionNode = FALSE
	EndGlobalSection
	GlobalSection(NestedProjects) = preSolution
		{C7D8CD7F-1D1F-4EFC-958F-3DEC13C68CDE} = {083DA302-B3D2-474C-85EB-408F560ED3A1}
		{DBC0C398-8B37-48C2-B32E-23A7C53A2EE7} = {9B3AA52F-E282-404D-A117-A6152B3B9FD6}
	EndGlobalSection
	GlobalSection(ExtensibilityGlobals) = postSolution
		SolutionGuid = {A51F439F-2FEA-44ED-AEE6-922B530A9EC3}
	EndGlobalSection
EndGlobal
