
Microsoft Visual Studio Solution File, Format Version 12.00
# Visual Studio 15
VisualStudioVersion = 15.0.28307.572
MinimumVisualStudioVersion = 10.0.40219.1
Project("{2150E333-8FDC-42A3-9474-1A3956D46DE8}") = "Domain", "Domain", "{083DA302-B3D2-474C-85EB-408F560ED3A1}"
EndProject
Project("{2150E333-8FDC-42A3-9474-1A3956D46DE8}") = "Infra.Bus", "Infra.Bus", "{9B3AA52F-E282-404D-A117-A6152B3B9FD6}"
EndProject
Project("{2150E333-8FDC-42A3-9474-1A3956D46DE8}") = "Infra.IoC", "Infra.IoC", "{C577DD31-EA54-46AA-82F6-AC4A5594E43D}"
EndProject
Project("{2150E333-8FDC-42A3-9474-1A3956D46DE8}") = "Microservices", "Microservices", "{0F78297C-3161-4AD8-AE44-9353FB8E1F4C}"
EndProject
Project("{2150E333-8FDC-42A3-9474-1A3956D46DE8}") = "Presentation", "Presentation", "{8F53114F-1A41-493F-8BE3-AFEC7E7E6132}"
EndProject
Project("{9A19103F-16F7-4668-BE54-9A1E7A4F7556}") = "MicroRabbit.Domain.Core", "MicroRabbit.Domain.Core\MicroRabbit.Domain.Core.csproj", "{C7D8CD7F-1D1F-4EFC-958F-3DEC13C68CDE}"
EndProject
Project("{9A19103F-16F7-4668-BE54-9A1E7A4F7556}") = "MicroRabbit.Infra.Bus", "MicroRabbit.Infra.Bus\MicroRabbit.Infra.Bus.csproj", "{DBC0C398-8B37-48C2-B32E-23A7C53A2EE7}"
EndProject
Project("{FAE04EC0-301F-11D3-BF4B-00C04F79EFBC}") = "MicroRabbit.Infra.IoC", "MicroRabbit.Infra.IoC\MicroRabbit.Infra.IoC.csproj", "{BE43847B-4B73-4248-BBE2-6850BBEE4FBC}"
EndProject
Project("{2150E333-8FDC-42A3-9474-1A3956D46DE8}") = "Banking", "Banking", "{54001D3D-E93D-4FB9-A06D-99CD5935CFF0}"
EndProject
Project("{2150E333-8FDC-42A3-9474-1A3956D46DE8}") = "Api", "Api", "{63BAA0F0-41AA-4A44-B7A9-625B6020C465}"
EndProject
Project("{2150E333-8FDC-42A3-9474-1A3956D46DE8}") = "Domain", "Domain", "{3301AC93-FD1A-4C60-A2B3-E8FDD629D1EE}"
EndProject
Project("{2150E333-8FDC-42A3-9474-1A3956D46DE8}") = "Application", "Application", "{94C06909-0021-4D94-8B0F-996D9BBC4E6B}"
EndProject
Project("{2150E333-8FDC-42A3-9474-1A3956D46DE8}") = "Data", "Data", "{280384E2-EC4E-451F-AD22-D15A4B1289DE}"
EndProject
Project("{FAE04EC0-301F-11D3-BF4B-00C04F79EFBC}") = "MicroRabbit.Banking.Api", "MicroRabbit.Banking.Api\MicroRabbit.Banking.Api.csproj", "{70948DC6-2DFC-46AF-80BE-277D1662C1AB}"
EndProject
Project("{FAE04EC0-301F-11D3-BF4B-00C04F79EFBC}") = "MicroRabbit.Banking.Application", "MicroRabbit.Banking.Application\MicroRabbit.Banking.Application.csproj", "{BDAB1109-F525-44A7-B623-42C1194A08BA}"
EndProject
Project("{FAE04EC0-301F-11D3-BF4B-00C04F79EFBC}") = "MicroRabbit.Banking.Data", "MicroRabbit.Banking.Data\MicroRabbit.Banking.Data.csproj", "{1C95A893-EC1F-45BD-8F85-77E3E82625FD}"
EndProject
Project("{FAE04EC0-301F-11D3-BF4B-00C04F79EFBC}") = "MicroRabbit.Banking.Domain", "MicroRabbit.Banking.Domain\MicroRabbit.Banking.Domain.csproj", "{C2E2F23A-2EC4-4E87-8A61-57D7490192E0}"
EndProject
Global
	GlobalSection(SolutionConfigurationPlatforms) = preSolution
		Debug|Any CPU = Debug|Any CPU
		Release|Any CPU = Release|Any CPU
	EndGlobalSection
	GlobalSection(ProjectConfigurationPlatforms) = postSolution
		{C7D8CD7F-1D1F-4EFC-958F-3DEC13C68CDE}.Debug|Any CPU.ActiveCfg = Debug|Any CPU
		{C7D8CD7F-1D1F-4EFC-958F-3DEC13C68CDE}.Debug|Any CPU.Build.0 = Debug|Any CPU
		{C7D8CD7F-1D1F-4EFC-958F-3DEC13C68CDE}.Release|Any CPU.ActiveCfg = Release|Any CPU
		{C7D8CD7F-1D1F-4EFC-958F-3DEC13C68CDE}.Release|Any CPU.Build.0 = Release|Any CPU
		{DBC0C398-8B37-48C2-B32E-23A7C53A2EE7}.Debug|Any CPU.ActiveCfg = Debug|Any CPU
		{DBC0C398-8B37-48C2-B32E-23A7C53A2EE7}.Debug|Any CPU.Build.0 = Debug|Any CPU
		{DBC0C398-8B37-48C2-B32E-23A7C53A2EE7}.Release|Any CPU.ActiveCfg = Release|Any CPU
		{DBC0C398-8B37-48C2-B32E-23A7C53A2EE7}.Release|Any CPU.Build.0 = Release|Any CPU
		{BE43847B-4B73-4248-BBE2-6850BBEE4FBC}.Debug|Any CPU.ActiveCfg = Debug|Any CPU
		{BE43847B-4B73-4248-BBE2-6850BBEE4FBC}.Debug|Any CPU.Build.0 = Debug|Any CPU
		{BE43847B-4B73-4248-BBE2-6850BBEE4FBC}.Release|Any CPU.ActiveCfg = Release|Any CPU
		{BE43847B-4B73-4248-BBE2-6850BBEE4FBC}.Release|Any CPU.Build.0 = Release|Any CPU
		{70948DC6-2DFC-46AF-80BE-277D1662C1AB}.Debug|Any CPU.ActiveCfg = Debug|Any CPU
		{70948DC6-2DFC-46AF-80BE-277D1662C1AB}.Debug|Any CPU.Build.0 = Debug|Any CPU
		{70948DC6-2DFC-46AF-80BE-277D1662C1AB}.Release|Any CPU.ActiveCfg = Release|Any CPU
		{70948DC6-2DFC-46AF-80BE-277D1662C1AB}.Release|Any CPU.Build.0 = Release|Any CPU
		{BDAB1109-F525-44A7-B623-42C1194A08BA}.Debug|Any CPU.ActiveCfg = Debug|Any CPU
		{BDAB1109-F525-44A7-B623-42C1194A08BA}.Debug|Any CPU.Build.0 = Debug|Any CPU
		{BDAB1109-F525-44A7-B623-42C1194A08BA}.Release|Any CPU.ActiveCfg = Release|Any CPU
		{BDAB1109-F525-44A7-B623-42C1194A08BA}.Release|Any CPU.Build.0 = Release|Any CPU
		{1C95A893-EC1F-45BD-8F85-77E3E82625FD}.Debug|Any CPU.ActiveCfg = Debug|Any CPU
		{1C95A893-EC1F-45BD-8F85-77E3E82625FD}.Debug|Any CPU.Build.0 = Debug|Any CPU
		{1C95A893-EC1F-45BD-8F85-77E3E82625FD}.Release|Any CPU.ActiveCfg = Release|Any CPU
		{1C95A893-EC1F-45BD-8F85-77E3E82625FD}.Release|Any CPU.Build.0 = Release|Any CPU
		{C2E2F23A-2EC4-4E87-8A61-57D7490192E0}.Debug|Any CPU.ActiveCfg = Debug|Any CPU
		{C2E2F23A-2EC4-4E87-8A61-57D7490192E0}.Debug|Any CPU.Build.0 = Debug|Any CPU
		{C2E2F23A-2EC4-4E87-8A61-57D7490192E0}.Release|Any CPU.ActiveCfg = Release|Any CPU
		{C2E2F23A-2EC4-4E87-8A61-57D7490192E0}.Release|Any CPU.Build.0 = Release|Any CPU
	EndGlobalSection
	GlobalSection(SolutionProperties) = preSolution
		HideSolutionNode = FALSE
	EndGlobalSection
	GlobalSection(NestedProjects) = preSolution
		{C7D8CD7F-1D1F-4EFC-958F-3DEC13C68CDE} = {083DA302-B3D2-474C-85EB-408F560ED3A1}
		{DBC0C398-8B37-48C2-B32E-23A7C53A2EE7} = {9B3AA52F-E282-404D-A117-A6152B3B9FD6}
		{BE43847B-4B73-4248-BBE2-6850BBEE4FBC} = {C577DD31-EA54-46AA-82F6-AC4A5594E43D}
		{54001D3D-E93D-4FB9-A06D-99CD5935CFF0} = {0F78297C-3161-4AD8-AE44-9353FB8E1F4C}
		{63BAA0F0-41AA-4A44-B7A9-625B6020C465} = {54001D3D-E93D-4FB9-A06D-99CD5935CFF0}
		{3301AC93-FD1A-4C60-A2B3-E8FDD629D1EE} = {54001D3D-E93D-4FB9-A06D-99CD5935CFF0}
		{94C06909-0021-4D94-8B0F-996D9BBC4E6B} = {54001D3D-E93D-4FB9-A06D-99CD5935CFF0}
		{280384E2-EC4E-451F-AD22-D15A4B1289DE} = {54001D3D-E93D-4FB9-A06D-99CD5935CFF0}
		{70948DC6-2DFC-46AF-80BE-277D1662C1AB} = {63BAA0F0-41AA-4A44-B7A9-625B6020C465}
		{BDAB1109-F525-44A7-B623-42C1194A08BA} = {94C06909-0021-4D94-8B0F-996D9BBC4E6B}
		{1C95A893-EC1F-45BD-8F85-77E3E82625FD} = {280384E2-EC4E-451F-AD22-D15A4B1289DE}
		{C2E2F23A-2EC4-4E87-8A61-57D7490192E0} = {3301AC93-FD1A-4C60-A2B3-E8FDD629D1EE}
	EndGlobalSection
	GlobalSection(ExtensibilityGlobals) = postSolution
		SolutionGuid = {A51F439F-2FEA-44ED-AEE6-922B530A9EC3}
	EndGlobalSection
EndGlobal
